
Microsoft Visual Studio Solution File, Format Version 12.00
# Visual Studio Version 17
VisualStudioVersion = 17.0.32014.148
MinimumVisualStudioVersion = 10.0.40219.1
Project("{FAE04EC0-301F-11D3-BF4B-00C04F79EFBC}") = "ADONET_ORM_BLL", "ADONET_ORM_BLL\ADONET_ORM_BLL.csproj", "{97D4CD79-00D2-409A-9CB9-3225AB81AD06}"
EndProject
Project("{FAE04EC0-301F-11D3-BF4B-00C04F79EFBC}") = "ADONET_ORM_Common", "ADONET_ORM_Common\ADONET_ORM_Common.csproj", "{B2D05C71-BF90-4FE0-A343-826CD725AE73}"
EndProject
Project("{FAE04EC0-301F-11D3-BF4B-00C04F79EFBC}") = "ADONET_ORM_Entities", "ADONET_ORM_Entities\ADONET_ORM_Entities.csproj", "{A2FE1A59-3872-43C3-A0FC-6C8019E00F37}"
EndProject
Project("{FAE04EC0-301F-11D3-BF4B-00C04F79EFBC}") = "ADONET_ORM_FormUI", "ADONET_ORM_FormUI\ADONET_ORM_FormUI.csproj", "{D03EB981-E12F-41BF-A0DC-4B28442A1262}"
EndProject
Global
	GlobalSection(SolutionConfigurationPlatforms) = preSolution
		Debug|Any CPU = Debug|Any CPU
		Release|Any CPU = Release|Any CPU
	EndGlobalSection
	GlobalSection(ProjectConfigurationPlatforms) = postSolution
		{97D4CD79-00D2-409A-9CB9-3225AB81AD06}.Debug|Any CPU.ActiveCfg = Debug|Any CPU
		{97D4CD79-00D2-409A-9CB9-3225AB81AD06}.Debug|Any CPU.Build.0 = Debug|Any CPU
		{97D4CD79-00D2-409A-9CB9-3225AB81AD06}.Release|Any CPU.ActiveCfg = Release|Any CPU
		{97D4CD79-00D2-409A-9CB9-3225AB81AD06}.Release|Any CPU.Build.0 = Release|Any CPU
		{B2D05C71-BF90-4FE0-A343-826CD725AE73}.Debug|Any CPU.ActiveCfg = Debug|Any CPU
		{B2D05C71-BF90-4FE0-A343-826CD725AE73}.Debug|Any CPU.Build.0 = Debug|Any CPU
		{B2D05C71-BF90-4FE0-A343-826CD725AE73}.Release|Any CPU.ActiveCfg = Release|Any CPU
		{B2D05C71-BF90-4FE0-A343-826CD725AE73}.Release|Any CPU.Build.0 = Release|Any CPU
		{A2FE1A59-3872-43C3-A0FC-6C8019E00F37}.Debug|Any CPU.ActiveCfg = Debug|Any CPU
		{A2FE1A59-3872-43C3-A0FC-6C8019E00F37}.Debug|Any CPU.Build.0 = Debug|Any CPU
		{A2FE1A59-3872-43C3-A0FC-6C8019E00F37}.Release|Any CPU.ActiveCfg = Release|Any CPU
		{A2FE1A59-3872-43C3-A0FC-6C8019E00F37}.Release|Any CPU.Build.0 = Release|Any CPU
		{D03EB981-E12F-41BF-A0DC-4B28442A1262}.Debug|Any CPU.ActiveCfg = Debug|Any CPU
		{D03EB981-E12F-41BF-A0DC-4B28442A1262}.Debug|Any CPU.Build.0 = Debug|Any CPU
		{D03EB981-E12F-41BF-A0DC-4B28442A1262}.Release|Any CPU.ActiveCfg = Release|Any CPU
		{D03EB981-E12F-41BF-A0DC-4B28442A1262}.Release|Any CPU.Build.0 = Release|Any CPU
	EndGlobalSection
	GlobalSection(SolutionProperties) = preSolution
		HideSolutionNode = FALSE
	EndGlobalSection
	GlobalSection(ExtensibilityGlobals) = postSolution
		SolutionGuid = {4CDA7E6D-825E-4A97-96E6-47F6C05E7165}
	EndGlobalSection
EndGlobal
